// !$*UTF8*$!
{
	archiveVersion = 1;
	classes = {
	};
	objectVersion = 50;
	objects = {

/* Begin PBXBuildFile section */
		209BB0C3218661E7003EC4A0 /* AppDelegate.swift in Sources */ = {isa = PBXBuildFile; fileRef = 209BB0C2218661E7003EC4A0 /* AppDelegate.swift */; };
		209BB0C5218661E7003EC4A0 /* ViewController.swift in Sources */ = {isa = PBXBuildFile; fileRef = 209BB0C4218661E7003EC4A0 /* ViewController.swift */; };
		209BB0C8218661E7003EC4A0 /* Main.storyboard in Resources */ = {isa = PBXBuildFile; fileRef = 209BB0C6218661E7003EC4A0 /* Main.storyboard */; };
		209BB0CA218661E8003EC4A0 /* Assets.xcassets in Resources */ = {isa = PBXBuildFile; fileRef = 209BB0C9218661E8003EC4A0 /* Assets.xcassets */; };
		209BB0CD218661E8003EC4A0 /* LaunchScreen.storyboard in Resources */ = {isa = PBXBuildFile; fileRef = 209BB0CB218661E8003EC4A0 /* LaunchScreen.storyboard */; };
		209BB0D8218661E8003EC4A0 /* StarWarsTests.swift in Sources */ = {isa = PBXBuildFile; fileRef = 209BB0D7218661E8003EC4A0 /* StarWarsTests.swift */; };
		209BB0E3218661E8003EC4A0 /* StarWarsUITests.swift in Sources */ = {isa = PBXBuildFile; fileRef = 209BB0E2218661E8003EC4A0 /* StarWarsUITests.swift */; };
		209BB0F6218662C7003EC4A0 /* CharacterNameData.swift in Sources */ = {isa = PBXBuildFile; fileRef = 209BB0F5218662C7003EC4A0 /* CharacterNameData.swift */; };
		209BB0F82186631F003EC4A0 /* CharacterData.swift in Sources */ = {isa = PBXBuildFile; fileRef = 209BB0F72186631F003EC4A0 /* CharacterData.swift */; };
		209BB0FA2186647F003EC4A0 /* FilmData.swift in Sources */ = {isa = PBXBuildFile; fileRef = 209BB0F92186647F003EC4A0 /* FilmData.swift */; };
		209BB0FC218664F7003EC4A0 /* CharacterListViewController.swift in Sources */ = {isa = PBXBuildFile; fileRef = 209BB0FB218664F7003EC4A0 /* CharacterListViewController.swift */; };
		209BB10021867232003EC4A0 /* CharacterTableViewCell.swift in Sources */ = {isa = PBXBuildFile; fileRef = 209BB0FF21867232003EC4A0 /* CharacterTableViewCell.swift */; };
		209BB10521867761003EC4A0 /* CharacterDetailsTableViewController.swift in Sources */ = {isa = PBXBuildFile; fileRef = 209BB10321867761003EC4A0 /* CharacterDetailsTableViewController.swift */; };
		209BB10621867761003EC4A0 /* CharacterDetailsTableViewController.xib in Resources */ = {isa = PBXBuildFile; fileRef = 209BB10421867761003EC4A0 /* CharacterDetailsTableViewController.xib */; };
		209BB1082187E04B003EC4A0 /* PlanetData.swift in Sources */ = {isa = PBXBuildFile; fileRef = 209BB1072187E04B003EC4A0 /* PlanetData.swift */; };
		209BB10A2187E74A003EC4A0 /* SpeciesData.swift in Sources */ = {isa = PBXBuildFile; fileRef = 209BB1092187E74A003EC4A0 /* SpeciesData.swift */; };
		20AFF5A821B5C4FE000A232E /* FilmInfo.swift in Sources */ = {isa = PBXBuildFile; fileRef = 20AFF5A721B5C4FE000A232E /* FilmInfo.swift */; };
/* End PBXBuildFile section */

/* Begin PBXContainerItemProxy section */
		209BB0D4218661E8003EC4A0 /* PBXContainerItemProxy */ = {
			isa = PBXContainerItemProxy;
			containerPortal = 209BB0B7218661E7003EC4A0 /* Project object */;
			proxyType = 1;
			remoteGlobalIDString = 209BB0BE218661E7003EC4A0;
			remoteInfo = StarWars;
		};
		209BB0DF218661E8003EC4A0 /* PBXContainerItemProxy */ = {
			isa = PBXContainerItemProxy;
			containerPortal = 209BB0B7218661E7003EC4A0 /* Project object */;
			proxyType = 1;
			remoteGlobalIDString = 209BB0BE218661E7003EC4A0;
			remoteInfo = StarWars;
		};
/* End PBXContainerItemProxy section */

/* Begin PBXFileReference section */
		209BB0BF218661E7003EC4A0 /* StarWars.app */ = {isa = PBXFileReference; explicitFileType = wrapper.application; includeInIndex = 0; path = StarWars.app; sourceTree = BUILT_PRODUCTS_DIR; };
		209BB0C2218661E7003EC4A0 /* AppDelegate.swift */ = {isa = PBXFileReference; lastKnownFileType = sourcecode.swift; path = AppDelegate.swift; sourceTree = "<group>"; };
		209BB0C4218661E7003EC4A0 /* ViewController.swift */ = {isa = PBXFileReference; lastKnownFileType = sourcecode.swift; path = ViewController.swift; sourceTree = "<group>"; };
		209BB0C7218661E7003EC4A0 /* Base */ = {isa = PBXFileReference; lastKnownFileType = file.storyboard; name = Base; path = Base.lproj/Main.storyboard; sourceTree = "<group>"; };
		209BB0C9218661E8003EC4A0 /* Assets.xcassets */ = {isa = PBXFileReference; lastKnownFileType = folder.assetcatalog; path = Assets.xcassets; sourceTree = "<group>"; };
		209BB0CC218661E8003EC4A0 /* Base */ = {isa = PBXFileReference; lastKnownFileType = file.storyboard; name = Base; path = Base.lproj/LaunchScreen.storyboard; sourceTree = "<group>"; };
		209BB0CE218661E8003EC4A0 /* Info.plist */ = {isa = PBXFileReference; lastKnownFileType = text.plist.xml; path = Info.plist; sourceTree = "<group>"; };
		209BB0D3218661E8003EC4A0 /* StarWarsTests.xctest */ = {isa = PBXFileReference; explicitFileType = wrapper.cfbundle; includeInIndex = 0; path = StarWarsTests.xctest; sourceTree = BUILT_PRODUCTS_DIR; };
		209BB0D7218661E8003EC4A0 /* StarWarsTests.swift */ = {isa = PBXFileReference; lastKnownFileType = sourcecode.swift; path = StarWarsTests.swift; sourceTree = "<group>"; };
		209BB0D9218661E8003EC4A0 /* Info.plist */ = {isa = PBXFileReference; lastKnownFileType = text.plist.xml; path = Info.plist; sourceTree = "<group>"; };
		209BB0DE218661E8003EC4A0 /* StarWarsUITests.xctest */ = {isa = PBXFileReference; explicitFileType = wrapper.cfbundle; includeInIndex = 0; path = StarWarsUITests.xctest; sourceTree = BUILT_PRODUCTS_DIR; };
		209BB0E2218661E8003EC4A0 /* StarWarsUITests.swift */ = {isa = PBXFileReference; lastKnownFileType = sourcecode.swift; path = StarWarsUITests.swift; sourceTree = "<group>"; };
		209BB0E4218661E8003EC4A0 /* Info.plist */ = {isa = PBXFileReference; lastKnownFileType = text.plist.xml; path = Info.plist; sourceTree = "<group>"; };
		209BB0F5218662C7003EC4A0 /* CharacterNameData.swift */ = {isa = PBXFileReference; lastKnownFileType = sourcecode.swift; path = CharacterNameData.swift; sourceTree = "<group>"; };
		209BB0F72186631F003EC4A0 /* CharacterData.swift */ = {isa = PBXFileReference; lastKnownFileType = sourcecode.swift; path = CharacterData.swift; sourceTree = "<group>"; };
		209BB0F92186647F003EC4A0 /* FilmData.swift */ = {isa = PBXFileReference; lastKnownFileType = sourcecode.swift; path = FilmData.swift; sourceTree = "<group>"; };
		209BB0FB218664F7003EC4A0 /* CharacterListViewController.swift */ = {isa = PBXFileReference; lastKnownFileType = sourcecode.swift; path = CharacterListViewController.swift; sourceTree = "<group>"; };
		209BB0FF21867232003EC4A0 /* CharacterTableViewCell.swift */ = {isa = PBXFileReference; lastKnownFileType = sourcecode.swift; path = CharacterTableViewCell.swift; sourceTree = "<group>"; };
		209BB10321867761003EC4A0 /* CharacterDetailsTableViewController.swift */ = {isa = PBXFileReference; lastKnownFileType = sourcecode.swift; name = CharacterDetailsTableViewController.swift; path = StarWars/CharacterDetailsTableViewController.swift; sourceTree = "<group>"; };
		209BB10421867761003EC4A0 /* CharacterDetailsTableViewController.xib */ = {isa = PBXFileReference; lastKnownFileType = file.xib; name = CharacterDetailsTableViewController.xib; path = StarWars/CharacterDetailsTableViewController.xib; sourceTree = "<group>"; };
		209BB1072187E04B003EC4A0 /* PlanetData.swift */ = {isa = PBXFileReference; lastKnownFileType = sourcecode.swift; path = PlanetData.swift; sourceTree = "<group>"; };
		209BB1092187E74A003EC4A0 /* SpeciesData.swift */ = {isa = PBXFileReference; lastKnownFileType = sourcecode.swift; path = SpeciesData.swift; sourceTree = "<group>"; };
		20AFF5A721B5C4FE000A232E /* FilmInfo.swift */ = {isa = PBXFileReference; lastKnownFileType = sourcecode.swift; path = FilmInfo.swift; sourceTree = "<group>"; };
/* End PBXFileReference section */

/* Begin PBXFrameworksBuildPhase section */
		209BB0BC218661E7003EC4A0 /* Frameworks */ = {
			isa = PBXFrameworksBuildPhase;
			buildActionMask = 2147483647;
			files = (
			);
			runOnlyForDeploymentPostprocessing = 0;
		};
		209BB0D0218661E8003EC4A0 /* Frameworks */ = {
			isa = PBXFrameworksBuildPhase;
			buildActionMask = 2147483647;
			files = (
			);
			runOnlyForDeploymentPostprocessing = 0;
		};
		209BB0DB218661E8003EC4A0 /* Frameworks */ = {
			isa = PBXFrameworksBuildPhase;
			buildActionMask = 2147483647;
			files = (
			);
			runOnlyForDeploymentPostprocessing = 0;
		};
/* End PBXFrameworksBuildPhase section */

/* Begin PBXGroup section */
		209BB0B6218661E7003EC4A0 = {
			isa = PBXGroup;
			children = (
				209BB10321867761003EC4A0 /* CharacterDetailsTableViewController.swift */,
				209BB10421867761003EC4A0 /* CharacterDetailsTableViewController.xib */,
				209BB0C1218661E7003EC4A0 /* StarWars */,
				209BB0D6218661E8003EC4A0 /* StarWarsTests */,
				209BB0E1218661E8003EC4A0 /* StarWarsUITests */,
				209BB0C0218661E7003EC4A0 /* Products */,
			);
			sourceTree = "<group>";
		};
		209BB0C0218661E7003EC4A0 /* Products */ = {
			isa = PBXGroup;
			children = (
				209BB0BF218661E7003EC4A0 /* StarWars.app */,
				209BB0D3218661E8003EC4A0 /* StarWarsTests.xctest */,
				209BB0DE218661E8003EC4A0 /* StarWarsUITests.xctest */,
			);
			name = Products;
			sourceTree = "<group>";
		};
		209BB0C1218661E7003EC4A0 /* StarWars */ = {
			isa = PBXGroup;
			children = (
				209BB0F42186621F003EC4A0 /* Model */,
				209BB0F321866216003EC4A0 /* View */,
				209BB0F0218661F0003EC4A0 /* Controller */,
				209BB0C2218661E7003EC4A0 /* AppDelegate.swift */,
				209BB0C4218661E7003EC4A0 /* ViewController.swift */,
				209BB0C9218661E8003EC4A0 /* Assets.xcassets */,
				209BB0CB218661E8003EC4A0 /* LaunchScreen.storyboard */,
				209BB0CE218661E8003EC4A0 /* Info.plist */,
			);
			path = StarWars;
			sourceTree = "<group>";
		};
		209BB0D6218661E8003EC4A0 /* StarWarsTests */ = {
			isa = PBXGroup;
			children = (
				209BB0D7218661E8003EC4A0 /* StarWarsTests.swift */,
				209BB0D9218661E8003EC4A0 /* Info.plist */,
			);
			path = StarWarsTests;
			sourceTree = "<group>";
		};
		209BB0E1218661E8003EC4A0 /* StarWarsUITests */ = {
			isa = PBXGroup;
			children = (
				209BB0E2218661E8003EC4A0 /* StarWarsUITests.swift */,
				209BB0E4218661E8003EC4A0 /* Info.plist */,
			);
			path = StarWarsUITests;
			sourceTree = "<group>";
		};
		209BB0F0218661F0003EC4A0 /* Controller */ = {
			isa = PBXGroup;
			children = (
				209BB0FB218664F7003EC4A0 /* CharacterListViewController.swift */,
			);
			path = Controller;
			sourceTree = "<group>";
		};
		209BB0F321866216003EC4A0 /* View */ = {
			isa = PBXGroup;
			children = (
				209BB0C6218661E7003EC4A0 /* Main.storyboard */,
				209BB0FF21867232003EC4A0 /* CharacterTableViewCell.swift */,
			);
			path = View;
			sourceTree = "<group>";
		};
		209BB0F42186621F003EC4A0 /* Model */ = {
			isa = PBXGroup;
			children = (
				209BB0F5218662C7003EC4A0 /* CharacterNameData.swift */,
				209BB0F72186631F003EC4A0 /* CharacterData.swift */,
				209BB1072187E04B003EC4A0 /* PlanetData.swift */,
				209BB0F92186647F003EC4A0 /* FilmData.swift */,
				209BB1092187E74A003EC4A0 /* SpeciesData.swift */,
				20AFF5A721B5C4FE000A232E /* FilmInfo.swift */,
			);
			path = Model;
			sourceTree = "<group>";
		};
/* End PBXGroup section */

/* Begin PBXNativeTarget section */
		209BB0BE218661E7003EC4A0 /* StarWars */ = {
			isa = PBXNativeTarget;
			buildConfigurationList = 209BB0E7218661E8003EC4A0 /* Build configuration list for PBXNativeTarget "StarWars" */;
			buildPhases = (
				209BB0BB218661E7003EC4A0 /* Sources */,
				209BB0BC218661E7003EC4A0 /* Frameworks */,
				209BB0BD218661E7003EC4A0 /* Resources */,
			);
			buildRules = (
			);
			dependencies = (
			);
			name = StarWars;
			productName = StarWars;
			productReference = 209BB0BF218661E7003EC4A0 /* StarWars.app */;
			productType = "com.apple.product-type.application";
		};
		209BB0D2218661E8003EC4A0 /* StarWarsTests */ = {
			isa = PBXNativeTarget;
			buildConfigurationList = 209BB0EA218661E8003EC4A0 /* Build configuration list for PBXNativeTarget "StarWarsTests" */;
			buildPhases = (
				209BB0CF218661E8003EC4A0 /* Sources */,
				209BB0D0218661E8003EC4A0 /* Frameworks */,
				209BB0D1218661E8003EC4A0 /* Resources */,
			);
			buildRules = (
			);
			dependencies = (
				209BB0D5218661E8003EC4A0 /* PBXTargetDependency */,
			);
			name = StarWarsTests;
			productName = StarWarsTests;
			productReference = 209BB0D3218661E8003EC4A0 /* StarWarsTests.xctest */;
			productType = "com.apple.product-type.bundle.unit-test";
		};
		209BB0DD218661E8003EC4A0 /* StarWarsUITests */ = {
			isa = PBXNativeTarget;
			buildConfigurationList = 209BB0ED218661E8003EC4A0 /* Build configuration list for PBXNativeTarget "StarWarsUITests" */;
			buildPhases = (
				209BB0DA218661E8003EC4A0 /* Sources */,
				209BB0DB218661E8003EC4A0 /* Frameworks */,
				209BB0DC218661E8003EC4A0 /* Resources */,
			);
			buildRules = (
			);
			dependencies = (
				209BB0E0218661E8003EC4A0 /* PBXTargetDependency */,
			);
			name = StarWarsUITests;
			productName = StarWarsUITests;
			productReference = 209BB0DE218661E8003EC4A0 /* StarWarsUITests.xctest */;
			productType = "com.apple.product-type.bundle.ui-testing";
		};
/* End PBXNativeTarget section */

/* Begin PBXProject section */
		209BB0B7218661E7003EC4A0 /* Project object */ = {
			isa = PBXProject;
			attributes = {
				LastSwiftUpdateCheck = 0940;
				LastUpgradeCheck = 0940;
				ORGANIZATIONNAME = "Lauren Small";
				TargetAttributes = {
					209BB0BE218661E7003EC4A0 = {
						CreatedOnToolsVersion = 9.4.1;
					};
					209BB0D2218661E8003EC4A0 = {
						CreatedOnToolsVersion = 9.4.1;
						TestTargetID = 209BB0BE218661E7003EC4A0;
					};
					209BB0DD218661E8003EC4A0 = {
						CreatedOnToolsVersion = 9.4.1;
						TestTargetID = 209BB0BE218661E7003EC4A0;
					};
				};
			};
			buildConfigurationList = 209BB0BA218661E7003EC4A0 /* Build configuration list for PBXProject "StarWars" */;
			compatibilityVersion = "Xcode 9.3";
			developmentRegion = en;
			hasScannedForEncodings = 0;
			knownRegions = (
				en,
				Base,
			);
			mainGroup = 209BB0B6218661E7003EC4A0;
			productRefGroup = 209BB0C0218661E7003EC4A0 /* Products */;
			projectDirPath = "";
			projectRoot = "";
			targets = (
				209BB0BE218661E7003EC4A0 /* StarWars */,
				209BB0D2218661E8003EC4A0 /* StarWarsTests */,
				209BB0DD218661E8003EC4A0 /* StarWarsUITests */,
			);
		};
/* End PBXProject section */

/* Begin PBXResourcesBuildPhase section */
		209BB0BD218661E7003EC4A0 /* Resources */ = {
			isa = PBXResourcesBuildPhase;
			buildActionMask = 2147483647;
			files = (
				209BB0CD218661E8003EC4A0 /* LaunchScreen.storyboard in Resources */,
				209BB0CA218661E8003EC4A0 /* Assets.xcassets in Resources */,
				209BB10621867761003EC4A0 /* CharacterDetailsTableViewController.xib in Resources */,
				209BB0C8218661E7003EC4A0 /* Main.storyboard in Resources */,
			);
			runOnlyForDeploymentPostprocessing = 0;
		};
		209BB0D1218661E8003EC4A0 /* Resources */ = {
			isa = PBXResourcesBuildPhase;
			buildActionMask = 2147483647;
			files = (
			);
			runOnlyForDeploymentPostprocessing = 0;
		};
		209BB0DC218661E8003EC4A0 /* Resources */ = {
			isa = PBXResourcesBuildPhase;
			buildActionMask = 2147483647;
			files = (
			);
			runOnlyForDeploymentPostprocessing = 0;
		};
/* End PBXResourcesBuildPhase section */

/* Begin PBXSourcesBuildPhase section */
		209BB0BB218661E7003EC4A0 /* Sources */ = {
			isa = PBXSourcesBuildPhase;
			buildActionMask = 2147483647;
			files = (
				209BB0FA2186647F003EC4A0 /* FilmData.swift in Sources */,
				209BB0F6218662C7003EC4A0 /* CharacterNameData.swift in Sources */,
				209BB0F82186631F003EC4A0 /* CharacterData.swift in Sources */,
				209BB0C5218661E7003EC4A0 /* ViewController.swift in Sources */,
				209BB10A2187E74A003EC4A0 /* SpeciesData.swift in Sources */,
				209BB0FC218664F7003EC4A0 /* CharacterListViewController.swift in Sources */,
				209BB0C3218661E7003EC4A0 /* AppDelegate.swift in Sources */,
				209BB1082187E04B003EC4A0 /* PlanetData.swift in Sources */,
				20AFF5A821B5C4FE000A232E /* FilmInfo.swift in Sources */,
				209BB10521867761003EC4A0 /* CharacterDetailsTableViewController.swift in Sources */,
				209BB10021867232003EC4A0 /* CharacterTableViewCell.swift in Sources */,
			);
			runOnlyForDeploymentPostprocessing = 0;
		};
		209BB0CF218661E8003EC4A0 /* Sources */ = {
			isa = PBXSourcesBuildPhase;
			buildActionMask = 2147483647;
			files = (
				209BB0D8218661E8003EC4A0 /* StarWarsTests.swift in Sources */,
			);
			runOnlyForDeploymentPostprocessing = 0;
		};
		209BB0DA218661E8003EC4A0 /* Sources */ = {
			isa = PBXSourcesBuildPhase;
			buildActionMask = 2147483647;
			files = (
				209BB0E3218661E8003EC4A0 /* StarWarsUITests.swift in Sources */,
			);
			runOnlyForDeploymentPostprocessing = 0;
		};
/* End PBXSourcesBuildPhase section */

/* Begin PBXTargetDependency section */
		209BB0D5218661E8003EC4A0 /* PBXTargetDependency */ = {
			isa = PBXTargetDependency;
			target = 209BB0BE218661E7003EC4A0 /* StarWars */;
			targetProxy = 209BB0D4218661E8003EC4A0 /* PBXContainerItemProxy */;
		};
		209BB0E0218661E8003EC4A0 /* PBXTargetDependency */ = {
			isa = PBXTargetDependency;
			target = 209BB0BE218661E7003EC4A0 /* StarWars */;
			targetProxy = 209BB0DF218661E8003EC4A0 /* PBXContainerItemProxy */;
		};
/* End PBXTargetDependency section */

/* Begin PBXVariantGroup section */
		209BB0C6218661E7003EC4A0 /* Main.storyboard */ = {
			isa = PBXVariantGroup;
			children = (
				209BB0C7218661E7003EC4A0 /* Base */,
			);
			name = Main.storyboard;
			sourceTree = "<group>";
		};
		209BB0CB218661E8003EC4A0 /* LaunchScreen.storyboard */ = {
			isa = PBXVariantGroup;
			children = (
				209BB0CC218661E8003EC4A0 /* Base */,
			);
			name = LaunchScreen.storyboard;
			sourceTree = "<group>";
		};
/* End PBXVariantGroup section */

/* Begin XCBuildConfiguration section */
		209BB0E5218661E8003EC4A0 /* Debug */ = {
			isa = XCBuildConfiguration;
			buildSettings = {
				ALWAYS_SEARCH_USER_PATHS = NO;
				CLANG_ANALYZER_NONNULL = YES;
				CLANG_ANALYZER_NUMBER_OBJECT_CONVERSION = YES_AGGRESSIVE;
				CLANG_CXX_LANGUAGE_STANDARD = "gnu++14";
				CLANG_CXX_LIBRARY = "libc++";
				CLANG_ENABLE_MODULES = YES;
				CLANG_ENABLE_OBJC_ARC = YES;
				CLANG_ENABLE_OBJC_WEAK = YES;
				CLANG_WARN_BLOCK_CAPTURE_AUTORELEASING = YES;
				CLANG_WARN_BOOL_CONVERSION = YES;
				CLANG_WARN_COMMA = YES;
				CLANG_WARN_CONSTANT_CONVERSION = YES;
				CLANG_WARN_DEPRECATED_OBJC_IMPLEMENTATIONS = YES;
				CLANG_WARN_DIRECT_OBJC_ISA_USAGE = YES_ERROR;
				CLANG_WARN_DOCUMENTATION_COMMENTS = YES;
				CLANG_WARN_EMPTY_BODY = YES;
				CLANG_WARN_ENUM_CONVERSION = YES;
				CLANG_WARN_INFINITE_RECURSION = YES;
				CLANG_WARN_INT_CONVERSION = YES;
				CLANG_WARN_NON_LITERAL_NULL_CONVERSION = YES;
				CLANG_WARN_OBJC_IMPLICIT_RETAIN_SELF = YES;
				CLANG_WARN_OBJC_LITERAL_CONVERSION = YES;
				CLANG_WARN_OBJC_ROOT_CLASS = YES_ERROR;
				CLANG_WARN_RANGE_LOOP_ANALYSIS = YES;
				CLANG_WARN_STRICT_PROTOTYPES = YES;
				CLANG_WARN_SUSPICIOUS_MOVE = YES;
				CLANG_WARN_UNGUARDED_AVAILABILITY = YES_AGGRESSIVE;
				CLANG_WARN_UNREACHABLE_CODE = YES;
				CLANG_WARN__DUPLICATE_METHOD_MATCH = YES;
				CODE_SIGN_IDENTITY = "iPhone Developer";
				COPY_PHASE_STRIP = NO;
				DEBUG_INFORMATION_FORMAT = dwarf;
				ENABLE_STRICT_OBJC_MSGSEND = YES;
				ENABLE_TESTABILITY = YES;
				GCC_C_LANGUAGE_STANDARD = gnu11;
				GCC_DYNAMIC_NO_PIC = NO;
				GCC_NO_COMMON_BLOCKS = YES;
				GCC_OPTIMIZATION_LEVEL = 0;
				GCC_PREPROCESSOR_DEFINITIONS = (
					"DEBUG=1",
					"$(inherited)",
				);
				GCC_WARN_64_TO_32_BIT_CONVERSION = YES;
				GCC_WARN_ABOUT_RETURN_TYPE = YES_ERROR;
				GCC_WARN_UNDECLARED_SELECTOR = YES;
				GCC_WARN_UNINITIALIZED_AUTOS = YES_AGGRESSIVE;
				GCC_WARN_UNUSED_FUNCTION = YES;
				GCC_WARN_UNUSED_VARIABLE = YES;
				IPHONEOS_DEPLOYMENT_TARGET = 11.4;
				MTL_ENABLE_DEBUG_INFO = YES;
				ONLY_ACTIVE_ARCH = YES;
				SDKROOT = iphoneos;
				SWIFT_ACTIVE_COMPILATION_CONDITIONS = DEBUG;
				SWIFT_OPTIMIZATION_LEVEL = "-Onone";
			};
			name = Debug;
		};
		209BB0E6218661E8003EC4A0 /* Release */ = {
			isa = XCBuildConfiguration;
			buildSettings = {
				ALWAYS_SEARCH_USER_PATHS = NO;
				CLANG_ANALYZER_NONNULL = YES;
				CLANG_ANALYZER_NUMBER_OBJECT_CONVERSION = YES_AGGRESSIVE;
				CLANG_CXX_LANGUAGE_STANDARD = "gnu++14";
				CLANG_CXX_LIBRARY = "libc++";
				CLANG_ENABLE_MODULES = YES;
				CLANG_ENABLE_OBJC_ARC = YES;
				CLANG_ENABLE_OBJC_WEAK = YES;
				CLANG_WARN_BLOCK_CAPTURE_AUTORELEASING = YES;
				CLANG_WARN_BOOL_CONVERSION = YES;
				CLANG_WARN_COMMA = YES;
				CLANG_WARN_CONSTANT_CONVERSION = YES;
				CLANG_WARN_DEPRECATED_OBJC_IMPLEMENTATIONS = YES;
				CLANG_WARN_DIRECT_OBJC_ISA_USAGE = YES_ERROR;
				CLANG_WARN_DOCUMENTATION_COMMENTS = YES;
				CLANG_WARN_EMPTY_BODY = YES;
				CLANG_WARN_ENUM_CONVERSION = YES;
				CLANG_WARN_INFINITE_RECURSION = YES;
				CLANG_WARN_INT_CONVERSION = YES;
				CLANG_WARN_NON_LITERAL_NULL_CONVERSION = YES;
				CLANG_WARN_OBJC_IMPLICIT_RETAIN_SELF = YES;
				CLANG_WARN_OBJC_LITERAL_CONVERSION = YES;
				CLANG_WARN_OBJC_ROOT_CLASS = YES_ERROR;
				CLANG_WARN_RANGE_LOOP_ANALYSIS = YES;
				CLANG_WARN_STRICT_PROTOTYPES = YES;
				CLANG_WARN_SUSPICIOUS_MOVE = YES;
				CLANG_WARN_UNGUARDED_AVAILABILITY = YES_AGGRESSIVE;
				CLANG_WARN_UNREACHABLE_CODE = YES;
				CLANG_WARN__DUPLICATE_METHOD_MATCH = YES;
				CODE_SIGN_IDENTITY = "iPhone Developer";
				COPY_PHASE_STRIP = NO;
				DEBUG_INFORMATION_FORMAT = "dwarf-with-dsym";
				ENABLE_NS_ASSERTIONS = NO;
				ENABLE_STRICT_OBJC_MSGSEND = YES;
				GCC_C_LANGUAGE_STANDARD = gnu11;
				GCC_NO_COMMON_BLOCKS = YES;
				GCC_WARN_64_TO_32_BIT_CONVERSION = YES;
				GCC_WARN_ABOUT_RETURN_TYPE = YES_ERROR;
				GCC_WARN_UNDECLARED_SELECTOR = YES;
				GCC_WARN_UNINITIALIZED_AUTOS = YES_AGGRESSIVE;
				GCC_WARN_UNUSED_FUNCTION = YES;
				GCC_WARN_UNUSED_VARIABLE = YES;
				IPHONEOS_DEPLOYMENT_TARGET = 11.4;
				MTL_ENABLE_DEBUG_INFO = NO;
				SDKROOT = iphoneos;
				SWIFT_COMPILATION_MODE = wholemodule;
				SWIFT_OPTIMIZATION_LEVEL = "-O";
				VALIDATE_PRODUCT = YES;
			};
			name = Release;
		};
		209BB0E8218661E8003EC4A0 /* Debug */ = {
			isa = XCBuildConfiguration;
			buildSettings = {
				ASSETCATALOG_COMPILER_APPICON_NAME = AppIcon;
				CODE_SIGN_STYLE = Automatic;
				INFOPLIST_FILE = StarWars/Info.plist;
				LD_RUNPATH_SEARCH_PATHS = (
					"$(inherited)",
					"@executable_path/Frameworks",
				);
				PRODUCT_BUNDLE_IDENTIFIER = com.laurensmall.StarWars;
				PRODUCT_NAME = "$(TARGET_NAME)";
				SWIFT_VERSION = 4.0;
				TARGETED_DEVICE_FAMILY = "1,2";
			};
			name = Debug;
		};
		209BB0E9218661E8003EC4A0 /* Release */ = {
			isa = XCBuildConfiguration;
			buildSettings = {
				ASSETCATALOG_COMPILER_APPICON_NAME = AppIcon;
				CODE_SIGN_STYLE = Automatic;
				INFOPLIST_FILE = StarWars/Info.plist;
				LD_RUNPATH_SEARCH_PATHS = (
					"$(inherited)",
					"@executable_path/Frameworks",
				);
				PRODUCT_BUNDLE_IDENTIFIER = com.laurensmall.StarWars;
				PRODUCT_NAME = "$(TARGET_NAME)";
				SWIFT_VERSION = 4.0;
				TARGETED_DEVICE_FAMILY = "1,2";
			};
			name = Release;
		};
		209BB0EB218661E8003EC4A0 /* Debug */ = {
			isa = XCBuildConfiguration;
			buildSettings = {
				ALWAYS_EMBED_SWIFT_STANDARD_LIBRARIES = YES;
				BUNDLE_LOADER = "$(TEST_HOST)";
				CODE_SIGN_STYLE = Automatic;
				INFOPLIST_FILE = StarWarsTests/Info.plist;
				LD_RUNPATH_SEARCH_PATHS = (
					"$(inherited)",
					"@executable_path/Frameworks",
					"@loader_path/Frameworks",
				);
				PRODUCT_BUNDLE_IDENTIFIER = com.laurensmall.StarWarsTests;
				PRODUCT_NAME = "$(TARGET_NAME)";
				SWIFT_VERSION = 4.0;
				TARGETED_DEVICE_FAMILY = "1,2";
				TEST_HOST = "$(BUILT_PRODUCTS_DIR)/StarWars.app/StarWars";
			};
			name = Debug;
		};
		209BB0EC218661E8003EC4A0 /* Release */ = {
			isa = XCBuildConfiguration;
			buildSettings = {
				ALWAYS_EMBED_SWIFT_STANDARD_LIBRARIES = YES;
				BUNDLE_LOADER = "$(TEST_HOST)";
				CODE_SIGN_STYLE = Automatic;
				INFOPLIST_FILE = StarWarsTests/Info.plist;
				LD_RUNPATH_SEARCH_PATHS = (
					"$(inherited)",
					"@executable_path/Frameworks",
					"@loader_path/Frameworks",
				);
				PRODUCT_BUNDLE_IDENTIFIER = com.laurensmall.StarWarsTests;
				PRODUCT_NAME = "$(TARGET_NAME)";
				SWIFT_VERSION = 4.0;
				TARGETED_DEVICE_FAMILY = "1,2";
				TEST_HOST = "$(BUILT_PRODUCTS_DIR)/StarWars.app/StarWars";
			};
			name = Release;
		};
		209BB0EE218661E8003EC4A0 /* Debug */ = {
			isa = XCBuildConfiguration;
			buildSettings = {
				ALWAYS_EMBED_SWIFT_STANDARD_LIBRARIES = YES;
				CODE_SIGN_STYLE = Automatic;
				INFOPLIST_FILE = StarWarsUITests/Info.plist;
				LD_RUNPATH_SEARCH_PATHS = (
					"$(inherited)",
					"@executable_path/Frameworks",
					"@loader_path/Frameworks",
				);
				PRODUCT_BUNDLE_IDENTIFIER = com.laurensmall.StarWarsUITests;
				PRODUCT_NAME = "$(TARGET_NAME)";
				SWIFT_VERSION = 4.0;
				TARGETED_DEVICE_FAMILY = "1,2";
				TEST_TARGET_NAME = StarWars;
			};
			name = Debug;
		};
		209BB0EF218661E8003EC4A0 /* Release */ = {
			isa = XCBuildConfiguration;
			buildSettings = {
				ALWAYS_EMBED_SWIFT_STANDARD_LIBRARIES = YES;
				CODE_SIGN_STYLE = Automatic;
				INFOPLIST_FILE = StarWarsUITests/Info.plist;
				LD_RUNPATH_SEARCH_PATHS = (
					"$(inherited)",
					"@executable_path/Frameworks",
					"@loader_path/Frameworks",
				);
				PRODUCT_BUNDLE_IDENTIFIER = com.laurensmall.StarWarsUITests;
				PRODUCT_NAME = "$(TARGET_NAME)";
				SWIFT_VERSION = 4.0;
				TARGETED_DEVICE_FAMILY = "1,2";
				TEST_TARGET_NAME = StarWars;
			};
			name = Release;
		};
/* End XCBuildConfiguration section */

/* Begin XCConfigurationList section */
		209BB0BA218661E7003EC4A0 /* Build configuration list for PBXProject "StarWars" */ = {
			isa = XCConfigurationList;
			buildConfigurations = (
				209BB0E5218661E8003EC4A0 /* Debug */,
				209BB0E6218661E8003EC4A0 /* Release */,
			);
			defaultConfigurationIsVisible = 0;
			defaultConfigurationName = Release;
		};
		209BB0E7218661E8003EC4A0 /* Build configuration list for PBXNativeTarget "StarWars" */ = {
			isa = XCConfigurationList;
			buildConfigurations = (
				209BB0E8218661E8003EC4A0 /* Debug */,
				209BB0E9218661E8003EC4A0 /* Release */,
			);
			defaultConfigurationIsVisible = 0;
			defaultConfigurationName = Release;
		};
		209BB0EA218661E8003EC4A0 /* Build configuration list for PBXNativeTarget "StarWarsTests" */ = {
			isa = XCConfigurationList;
			buildConfigurations = (
				209BB0EB218661E8003EC4A0 /* Debug */,
				209BB0EC218661E8003EC4A0 /* Release */,
			);
			defaultConfigurationIsVisible = 0;
			defaultConfigurationName = Release;
		};
		209BB0ED218661E8003EC4A0 /* Build configuration list for PBXNativeTarget "StarWarsUITests" */ = {
			isa = XCConfigurationList;
			buildConfigurations = (
				209BB0EE218661E8003EC4A0 /* Debug */,
				209BB0EF218661E8003EC4A0 /* Release */,
			);
			defaultConfigurationIsVisible = 0;
			defaultConfigurationName = Release;
		};
/* End XCConfigurationList section */
	};
	rootObject = 209BB0B7218661E7003EC4A0 /* Project object */;
}
