// !$*UTF8*$!
{
	archiveVersion = 1;
	classes = {
	};
	objectVersion = 50;
	objects = {

/* Begin PBXBuildFile section */
		20D11BA7218612B200A5FC6E /* AppDelegate.swift in Sources */ = {isa = PBXBuildFile; fileRef = 20D11BA6218612B200A5FC6E /* AppDelegate.swift */; };
		20D11BA9218612B200A5FC6E /* ViewController.swift in Sources */ = {isa = PBXBuildFile; fileRef = 20D11BA8218612B200A5FC6E /* ViewController.swift */; };
		20D11BAC218612B200A5FC6E /* Main.storyboard in Resources */ = {isa = PBXBuildFile; fileRef = 20D11BAA218612B200A5FC6E /* Main.storyboard */; };
		20D11BAE218612B500A5FC6E /* Assets.xcassets in Resources */ = {isa = PBXBuildFile; fileRef = 20D11BAD218612B500A5FC6E /* Assets.xcassets */; };
		20D11BB1218612B500A5FC6E /* LaunchScreen.storyboard in Resources */ = {isa = PBXBuildFile; fileRef = 20D11BAF218612B500A5FC6E /* LaunchScreen.storyboard */; };
		20D11BBC218612B500A5FC6E /* StarWarsTests.swift in Sources */ = {isa = PBXBuildFile; fileRef = 20D11BBB218612B500A5FC6E /* StarWarsTests.swift */; };
		20D11BC7218612B600A5FC6E /* StarWarsUITests.swift in Sources */ = {isa = PBXBuildFile; fileRef = 20D11BC6218612B600A5FC6E /* StarWarsUITests.swift */; };
		20D11BD82186144700A5FC6E /* CharacterName.swift in Sources */ = {isa = PBXBuildFile; fileRef = 20D11BD72186144700A5FC6E /* CharacterName.swift */; };
		20D11BDA218614D600A5FC6E /* CharacterNameViewModel.swift in Sources */ = {isa = PBXBuildFile; fileRef = 20D11BD9218614D600A5FC6E /* CharacterNameViewModel.swift */; };
/* End PBXBuildFile section */

/* Begin PBXContainerItemProxy section */
		20D11BB8218612B500A5FC6E /* PBXContainerItemProxy */ = {
			isa = PBXContainerItemProxy;
			containerPortal = 20D11B9B218612B200A5FC6E /* Project object */;
			proxyType = 1;
			remoteGlobalIDString = 20D11BA2218612B200A5FC6E;
			remoteInfo = StarWars;
		};
		20D11BC3218612B600A5FC6E /* PBXContainerItemProxy */ = {
			isa = PBXContainerItemProxy;
			containerPortal = 20D11B9B218612B200A5FC6E /* Project object */;
			proxyType = 1;
			remoteGlobalIDString = 20D11BA2218612B200A5FC6E;
			remoteInfo = StarWars;
		};
/* End PBXContainerItemProxy section */

/* Begin PBXFileReference section */
		20D11BA3218612B200A5FC6E /* StarWars.app */ = {isa = PBXFileReference; explicitFileType = wrapper.application; includeInIndex = 0; path = StarWars.app; sourceTree = BUILT_PRODUCTS_DIR; };
		20D11BA6218612B200A5FC6E /* AppDelegate.swift */ = {isa = PBXFileReference; lastKnownFileType = sourcecode.swift; path = AppDelegate.swift; sourceTree = "<group>"; };
		20D11BA8218612B200A5FC6E /* ViewController.swift */ = {isa = PBXFileReference; lastKnownFileType = sourcecode.swift; path = ViewController.swift; sourceTree = "<group>"; };
		20D11BAB218612B200A5FC6E /* Base */ = {isa = PBXFileReference; lastKnownFileType = file.storyboard; name = Base; path = Base.lproj/Main.storyboard; sourceTree = "<group>"; };
		20D11BAD218612B500A5FC6E /* Assets.xcassets */ = {isa = PBXFileReference; lastKnownFileType = folder.assetcatalog; path = Assets.xcassets; sourceTree = "<group>"; };
		20D11BB0218612B500A5FC6E /* Base */ = {isa = PBXFileReference; lastKnownFileType = file.storyboard; name = Base; path = Base.lproj/LaunchScreen.storyboard; sourceTree = "<group>"; };
		20D11BB2218612B500A5FC6E /* Info.plist */ = {isa = PBXFileReference; lastKnownFileType = text.plist.xml; path = Info.plist; sourceTree = "<group>"; };
		20D11BB7218612B500A5FC6E /* StarWarsTests.xctest */ = {isa = PBXFileReference; explicitFileType = wrapper.cfbundle; includeInIndex = 0; path = StarWarsTests.xctest; sourceTree = BUILT_PRODUCTS_DIR; };
		20D11BBB218612B500A5FC6E /* StarWarsTests.swift */ = {isa = PBXFileReference; lastKnownFileType = sourcecode.swift; path = StarWarsTests.swift; sourceTree = "<group>"; };
		20D11BBD218612B600A5FC6E /* Info.plist */ = {isa = PBXFileReference; lastKnownFileType = text.plist.xml; path = Info.plist; sourceTree = "<group>"; };
		20D11BC2218612B600A5FC6E /* StarWarsUITests.xctest */ = {isa = PBXFileReference; explicitFileType = wrapper.cfbundle; includeInIndex = 0; path = StarWarsUITests.xctest; sourceTree = BUILT_PRODUCTS_DIR; };
		20D11BC6218612B600A5FC6E /* StarWarsUITests.swift */ = {isa = PBXFileReference; lastKnownFileType = sourcecode.swift; path = StarWarsUITests.swift; sourceTree = "<group>"; };
		20D11BC8218612B600A5FC6E /* Info.plist */ = {isa = PBXFileReference; lastKnownFileType = text.plist.xml; path = Info.plist; sourceTree = "<group>"; };
		20D11BD72186144700A5FC6E /* CharacterName.swift */ = {isa = PBXFileReference; lastKnownFileType = sourcecode.swift; path = CharacterName.swift; sourceTree = "<group>"; };
		20D11BD9218614D600A5FC6E /* CharacterNameViewModel.swift */ = {isa = PBXFileReference; lastKnownFileType = sourcecode.swift; path = CharacterNameViewModel.swift; sourceTree = "<group>"; };
/* End PBXFileReference section */

/* Begin PBXFrameworksBuildPhase section */
		20D11BA0218612B200A5FC6E /* Frameworks */ = {
			isa = PBXFrameworksBuildPhase;
			buildActionMask = 2147483647;
			files = (
			);
			runOnlyForDeploymentPostprocessing = 0;
		};
		20D11BB4218612B500A5FC6E /* Frameworks */ = {
			isa = PBXFrameworksBuildPhase;
			buildActionMask = 2147483647;
			files = (
			);
			runOnlyForDeploymentPostprocessing = 0;
		};
		20D11BBF218612B600A5FC6E /* Frameworks */ = {
			isa = PBXFrameworksBuildPhase;
			buildActionMask = 2147483647;
			files = (
			);
			runOnlyForDeploymentPostprocessing = 0;
		};
/* End PBXFrameworksBuildPhase section */

/* Begin PBXGroup section */
		20D11B9A218612B200A5FC6E = {
			isa = PBXGroup;
			children = (
				20D11BA5218612B200A5FC6E /* StarWars */,
				20D11BBA218612B500A5FC6E /* StarWarsTests */,
				20D11BC5218612B600A5FC6E /* StarWarsUITests */,
				20D11BA4218612B200A5FC6E /* Products */,
			);
			sourceTree = "<group>";
		};
		20D11BA4218612B200A5FC6E /* Products */ = {
			isa = PBXGroup;
			children = (
				20D11BA3218612B200A5FC6E /* StarWars.app */,
				20D11BB7218612B500A5FC6E /* StarWarsTests.xctest */,
				20D11BC2218612B600A5FC6E /* StarWarsUITests.xctest */,
			);
			name = Products;
			sourceTree = "<group>";
		};
		20D11BA5218612B200A5FC6E /* StarWars */ = {
			isa = PBXGroup;
			children = (
				20D11BD62186137600A5FC6E /* Model */,
				20D11BD52186136C00A5FC6E /* View */,
				20D11BD42186135F00A5FC6E /* Controller */,
				20D11BA6218612B200A5FC6E /* AppDelegate.swift */,
				20D11BAD218612B500A5FC6E /* Assets.xcassets */,
				20D11BAF218612B500A5FC6E /* LaunchScreen.storyboard */,
				20D11BB2218612B500A5FC6E /* Info.plist */,
			);
			path = StarWars;
			sourceTree = "<group>";
		};
		20D11BBA218612B500A5FC6E /* StarWarsTests */ = {
			isa = PBXGroup;
			children = (
				20D11BBB218612B500A5FC6E /* StarWarsTests.swift */,
				20D11BBD218612B600A5FC6E /* Info.plist */,
			);
			path = StarWarsTests;
			sourceTree = "<group>";
		};
		20D11BC5218612B600A5FC6E /* StarWarsUITests */ = {
			isa = PBXGroup;
			children = (
				20D11BC6218612B600A5FC6E /* StarWarsUITests.swift */,
				20D11BC8218612B600A5FC6E /* Info.plist */,
			);
			path = StarWarsUITests;
			sourceTree = "<group>";
		};
		20D11BD42186135F00A5FC6E /* Controller */ = {
			isa = PBXGroup;
			children = (
				20D11BA8218612B200A5FC6E /* ViewController.swift */,
			);
			path = Controller;
			sourceTree = "<group>";
		};
		20D11BD52186136C00A5FC6E /* View */ = {
			isa = PBXGroup;
			children = (
				20D11BAA218612B200A5FC6E /* Main.storyboard */,
			);
			path = View;
			sourceTree = "<group>";
		};
		20D11BD62186137600A5FC6E /* Model */ = {
			isa = PBXGroup;
			children = (
				20D11BD72186144700A5FC6E /* CharacterName.swift */,
				20D11BD9218614D600A5FC6E /* CharacterNameViewModel.swift */,
			);
			path = Model;
			sourceTree = "<group>";
		};
/* End PBXGroup section */

/* Begin PBXNativeTarget section */
		20D11BA2218612B200A5FC6E /* StarWars */ = {
			isa = PBXNativeTarget;
			buildConfigurationList = 20D11BCB218612B600A5FC6E /* Build configuration list for PBXNativeTarget "StarWars" */;
			buildPhases = (
				20D11B9F218612B200A5FC6E /* Sources */,
				20D11BA0218612B200A5FC6E /* Frameworks */,
				20D11BA1218612B200A5FC6E /* Resources */,
			);
			buildRules = (
			);
			dependencies = (
			);
			name = StarWars;
			productName = StarWars;
			productReference = 20D11BA3218612B200A5FC6E /* StarWars.app */;
			productType = "com.apple.product-type.application";
		};
		20D11BB6218612B500A5FC6E /* StarWarsTests */ = {
			isa = PBXNativeTarget;
			buildConfigurationList = 20D11BCE218612B600A5FC6E /* Build configuration list for PBXNativeTarget "StarWarsTests" */;
			buildPhases = (
				20D11BB3218612B500A5FC6E /* Sources */,
				20D11BB4218612B500A5FC6E /* Frameworks */,
				20D11BB5218612B500A5FC6E /* Resources */,
			);
			buildRules = (
			);
			dependencies = (
				20D11BB9218612B500A5FC6E /* PBXTargetDependency */,
			);
			name = StarWarsTests;
			productName = StarWarsTests;
			productReference = 20D11BB7218612B500A5FC6E /* StarWarsTests.xctest */;
			productType = "com.apple.product-type.bundle.unit-test";
		};
		20D11BC1218612B600A5FC6E /* StarWarsUITests */ = {
			isa = PBXNativeTarget;
			buildConfigurationList = 20D11BD1218612B600A5FC6E /* Build configuration list for PBXNativeTarget "StarWarsUITests" */;
			buildPhases = (
				20D11BBE218612B600A5FC6E /* Sources */,
				20D11BBF218612B600A5FC6E /* Frameworks */,
				20D11BC0218612B600A5FC6E /* Resources */,
			);
			buildRules = (
			);
			dependencies = (
				20D11BC4218612B600A5FC6E /* PBXTargetDependency */,
			);
			name = StarWarsUITests;
			productName = StarWarsUITests;
			productReference = 20D11BC2218612B600A5FC6E /* StarWarsUITests.xctest */;
			productType = "com.apple.product-type.bundle.ui-testing";
		};
/* End PBXNativeTarget section */

/* Begin PBXProject section */
		20D11B9B218612B200A5FC6E /* Project object */ = {
			isa = PBXProject;
			attributes = {
				LastSwiftUpdateCheck = 1000;
				LastUpgradeCheck = 1000;
				ORGANIZATIONNAME = "Lauren Small";
				TargetAttributes = {
					20D11BA2218612B200A5FC6E = {
						CreatedOnToolsVersion = 10.0;
					};
					20D11BB6218612B500A5FC6E = {
						CreatedOnToolsVersion = 10.0;
						TestTargetID = 20D11BA2218612B200A5FC6E;
					};
					20D11BC1218612B600A5FC6E = {
						CreatedOnToolsVersion = 10.0;
						TestTargetID = 20D11BA2218612B200A5FC6E;
					};
				};
			};
			buildConfigurationList = 20D11B9E218612B200A5FC6E /* Build configuration list for PBXProject "StarWars" */;
			compatibilityVersion = "Xcode 9.3";
			developmentRegion = en;
			hasScannedForEncodings = 0;
			knownRegions = (
				en,
				Base,
			);
			mainGroup = 20D11B9A218612B200A5FC6E;
			productRefGroup = 20D11BA4218612B200A5FC6E /* Products */;
			projectDirPath = "";
			projectRoot = "";
			targets = (
				20D11BA2218612B200A5FC6E /* StarWars */,
				20D11BB6218612B500A5FC6E /* StarWarsTests */,
				20D11BC1218612B600A5FC6E /* StarWarsUITests */,
			);
		};
/* End PBXProject section */

/* Begin PBXResourcesBuildPhase section */
		20D11BA1218612B200A5FC6E /* Resources */ = {
			isa = PBXResourcesBuildPhase;
			buildActionMask = 2147483647;
			files = (
				20D11BB1218612B500A5FC6E /* LaunchScreen.storyboard in Resources */,
				20D11BAE218612B500A5FC6E /* Assets.xcassets in Resources */,
				20D11BAC218612B200A5FC6E /* Main.storyboard in Resources */,
			);
			runOnlyForDeploymentPostprocessing = 0;
		};
		20D11BB5218612B500A5FC6E /* Resources */ = {
			isa = PBXResourcesBuildPhase;
			buildActionMask = 2147483647;
			files = (
			);
			runOnlyForDeploymentPostprocessing = 0;
		};
		20D11BC0218612B600A5FC6E /* Resources */ = {
			isa = PBXResourcesBuildPhase;
			buildActionMask = 2147483647;
			files = (
			);
			runOnlyForDeploymentPostprocessing = 0;
		};
/* End PBXResourcesBuildPhase section */

/* Begin PBXSourcesBuildPhase section */
		20D11B9F218612B200A5FC6E /* Sources */ = {
			isa = PBXSourcesBuildPhase;
			buildActionMask = 2147483647;
			files = (
				20D11BD82186144700A5FC6E /* CharacterName.swift in Sources */,
				20D11BDA218614D600A5FC6E /* CharacterNameViewModel.swift in Sources */,
				20D11BA9218612B200A5FC6E /* ViewController.swift in Sources */,
				20D11BA7218612B200A5FC6E /* AppDelegate.swift in Sources */,
			);
			runOnlyForDeploymentPostprocessing = 0;
		};
		20D11BB3218612B500A5FC6E /* Sources */ = {
			isa = PBXSourcesBuildPhase;
			buildActionMask = 2147483647;
			files = (
				20D11BBC218612B500A5FC6E /* StarWarsTests.swift in Sources */,
			);
			runOnlyForDeploymentPostprocessing = 0;
		};
		20D11BBE218612B600A5FC6E /* Sources */ = {
			isa = PBXSourcesBuildPhase;
			buildActionMask = 2147483647;
			files = (
				20D11BC7218612B600A5FC6E /* StarWarsUITests.swift in Sources */,
			);
			runOnlyForDeploymentPostprocessing = 0;
		};
/* End PBXSourcesBuildPhase section */

/* Begin PBXTargetDependency section */
		20D11BB9218612B500A5FC6E /* PBXTargetDependency */ = {
			isa = PBXTargetDependency;
			target = 20D11BA2218612B200A5FC6E /* StarWars */;
			targetProxy = 20D11BB8218612B500A5FC6E /* PBXContainerItemProxy */;
		};
		20D11BC4218612B600A5FC6E /* PBXTargetDependency */ = {
			isa = PBXTargetDependency;
			target = 20D11BA2218612B200A5FC6E /* StarWars */;
			targetProxy = 20D11BC3218612B600A5FC6E /* PBXContainerItemProxy */;
		};
/* End PBXTargetDependency section */

/* Begin PBXVariantGroup section */
		20D11BAA218612B200A5FC6E /* Main.storyboard */ = {
			isa = PBXVariantGroup;
			children = (
				20D11BAB218612B200A5FC6E /* Base */,
			);
			name = Main.storyboard;
			sourceTree = "<group>";
		};
		20D11BAF218612B500A5FC6E /* LaunchScreen.storyboard */ = {
			isa = PBXVariantGroup;
			children = (
				20D11BB0218612B500A5FC6E /* Base */,
			);
			name = LaunchScreen.storyboard;
			sourceTree = "<group>";
		};
/* End PBXVariantGroup section */

/* Begin XCBuildConfiguration section */
		20D11BC9218612B600A5FC6E /* Debug */ = {
			isa = XCBuildConfiguration;
			buildSettings = {
				ALWAYS_SEARCH_USER_PATHS = NO;
				CLANG_ANALYZER_NONNULL = YES;
				CLANG_ANALYZER_NUMBER_OBJECT_CONVERSION = YES_AGGRESSIVE;
				CLANG_CXX_LANGUAGE_STANDARD = "gnu++14";
				CLANG_CXX_LIBRARY = "libc++";
				CLANG_ENABLE_MODULES = YES;
				CLANG_ENABLE_OBJC_ARC = YES;
				CLANG_ENABLE_OBJC_WEAK = YES;
				CLANG_WARN_BLOCK_CAPTURE_AUTORELEASING = YES;
				CLANG_WARN_BOOL_CONVERSION = YES;
				CLANG_WARN_COMMA = YES;
				CLANG_WARN_CONSTANT_CONVERSION = YES;
				CLANG_WARN_DEPRECATED_OBJC_IMPLEMENTATIONS = YES;
				CLANG_WARN_DIRECT_OBJC_ISA_USAGE = YES_ERROR;
				CLANG_WARN_DOCUMENTATION_COMMENTS = YES;
				CLANG_WARN_EMPTY_BODY = YES;
				CLANG_WARN_ENUM_CONVERSION = YES;
				CLANG_WARN_INFINITE_RECURSION = YES;
				CLANG_WARN_INT_CONVERSION = YES;
				CLANG_WARN_NON_LITERAL_NULL_CONVERSION = YES;
				CLANG_WARN_OBJC_IMPLICIT_RETAIN_SELF = YES;
				CLANG_WARN_OBJC_LITERAL_CONVERSION = YES;
				CLANG_WARN_OBJC_ROOT_CLASS = YES_ERROR;
				CLANG_WARN_RANGE_LOOP_ANALYSIS = YES;
				CLANG_WARN_STRICT_PROTOTYPES = YES;
				CLANG_WARN_SUSPICIOUS_MOVE = YES;
				CLANG_WARN_UNGUARDED_AVAILABILITY = YES_AGGRESSIVE;
				CLANG_WARN_UNREACHABLE_CODE = YES;
				CLANG_WARN__DUPLICATE_METHOD_MATCH = YES;
				CODE_SIGN_IDENTITY = "iPhone Developer";
				COPY_PHASE_STRIP = NO;
				DEBUG_INFORMATION_FORMAT = dwarf;
				ENABLE_STRICT_OBJC_MSGSEND = YES;
				ENABLE_TESTABILITY = YES;
				GCC_C_LANGUAGE_STANDARD = gnu11;
				GCC_DYNAMIC_NO_PIC = NO;
				GCC_NO_COMMON_BLOCKS = YES;
				GCC_OPTIMIZATION_LEVEL = 0;
				GCC_PREPROCESSOR_DEFINITIONS = (
					"DEBUG=1",
					"$(inherited)",
				);
				GCC_WARN_64_TO_32_BIT_CONVERSION = YES;
				GCC_WARN_ABOUT_RETURN_TYPE = YES_ERROR;
				GCC_WARN_UNDECLARED_SELECTOR = YES;
				GCC_WARN_UNINITIALIZED_AUTOS = YES_AGGRESSIVE;
				GCC_WARN_UNUSED_FUNCTION = YES;
				GCC_WARN_UNUSED_VARIABLE = YES;
				IPHONEOS_DEPLOYMENT_TARGET = 12.0;
				MTL_ENABLE_DEBUG_INFO = INCLUDE_SOURCE;
				MTL_FAST_MATH = YES;
				ONLY_ACTIVE_ARCH = YES;
				SDKROOT = iphoneos;
				SWIFT_ACTIVE_COMPILATION_CONDITIONS = DEBUG;
				SWIFT_OPTIMIZATION_LEVEL = "-Onone";
			};
			name = Debug;
		};
		20D11BCA218612B600A5FC6E /* Release */ = {
			isa = XCBuildConfiguration;
			buildSettings = {
				ALWAYS_SEARCH_USER_PATHS = NO;
				CLANG_ANALYZER_NONNULL = YES;
				CLANG_ANALYZER_NUMBER_OBJECT_CONVERSION = YES_AGGRESSIVE;
				CLANG_CXX_LANGUAGE_STANDARD = "gnu++14";
				CLANG_CXX_LIBRARY = "libc++";
				CLANG_ENABLE_MODULES = YES;
				CLANG_ENABLE_OBJC_ARC = YES;
				CLANG_ENABLE_OBJC_WEAK = YES;
				CLANG_WARN_BLOCK_CAPTURE_AUTORELEASING = YES;
				CLANG_WARN_BOOL_CONVERSION = YES;
				CLANG_WARN_COMMA = YES;
				CLANG_WARN_CONSTANT_CONVERSION = YES;
				CLANG_WARN_DEPRECATED_OBJC_IMPLEMENTATIONS = YES;
				CLANG_WARN_DIRECT_OBJC_ISA_USAGE = YES_ERROR;
				CLANG_WARN_DOCUMENTATION_COMMENTS = YES;
				CLANG_WARN_EMPTY_BODY = YES;
				CLANG_WARN_ENUM_CONVERSION = YES;
				CLANG_WARN_INFINITE_RECURSION = YES;
				CLANG_WARN_INT_CONVERSION = YES;
				CLANG_WARN_NON_LITERAL_NULL_CONVERSION = YES;
				CLANG_WARN_OBJC_IMPLICIT_RETAIN_SELF = YES;
				CLANG_WARN_OBJC_LITERAL_CONVERSION = YES;
				CLANG_WARN_OBJC_ROOT_CLASS = YES_ERROR;
				CLANG_WARN_RANGE_LOOP_ANALYSIS = YES;
				CLANG_WARN_STRICT_PROTOTYPES = YES;
				CLANG_WARN_SUSPICIOUS_MOVE = YES;
				CLANG_WARN_UNGUARDED_AVAILABILITY = YES_AGGRESSIVE;
				CLANG_WARN_UNREACHABLE_CODE = YES;
				CLANG_WARN__DUPLICATE_METHOD_MATCH = YES;
				CODE_SIGN_IDENTITY = "iPhone Developer";
				COPY_PHASE_STRIP = NO;
				DEBUG_INFORMATION_FORMAT = "dwarf-with-dsym";
				ENABLE_NS_ASSERTIONS = NO;
				ENABLE_STRICT_OBJC_MSGSEND = YES;
				GCC_C_LANGUAGE_STANDARD = gnu11;
				GCC_NO_COMMON_BLOCKS = YES;
				GCC_WARN_64_TO_32_BIT_CONVERSION = YES;
				GCC_WARN_ABOUT_RETURN_TYPE = YES_ERROR;
				GCC_WARN_UNDECLARED_SELECTOR = YES;
				GCC_WARN_UNINITIALIZED_AUTOS = YES_AGGRESSIVE;
				GCC_WARN_UNUSED_FUNCTION = YES;
				GCC_WARN_UNUSED_VARIABLE = YES;
				IPHONEOS_DEPLOYMENT_TARGET = 12.0;
				MTL_ENABLE_DEBUG_INFO = NO;
				MTL_FAST_MATH = YES;
				SDKROOT = iphoneos;
				SWIFT_COMPILATION_MODE = wholemodule;
				SWIFT_OPTIMIZATION_LEVEL = "-O";
				VALIDATE_PRODUCT = YES;
			};
			name = Release;
		};
		20D11BCC218612B600A5FC6E /* Debug */ = {
			isa = XCBuildConfiguration;
			buildSettings = {
				ASSETCATALOG_COMPILER_APPICON_NAME = AppIcon;
				CODE_SIGN_STYLE = Automatic;
				INFOPLIST_FILE = StarWars/Info.plist;
				LD_RUNPATH_SEARCH_PATHS = (
					"$(inherited)",
					"@executable_path/Frameworks",
				);
				PRODUCT_BUNDLE_IDENTIFIER = com.detroitlabs.StarWars;
				PRODUCT_NAME = "$(TARGET_NAME)";
				SWIFT_VERSION = 4.2;
				TARGETED_DEVICE_FAMILY = "1,2";
			};
			name = Debug;
		};
		20D11BCD218612B600A5FC6E /* Release */ = {
			isa = XCBuildConfiguration;
			buildSettings = {
				ASSETCATALOG_COMPILER_APPICON_NAME = AppIcon;
				CODE_SIGN_STYLE = Automatic;
				INFOPLIST_FILE = StarWars/Info.plist;
				LD_RUNPATH_SEARCH_PATHS = (
					"$(inherited)",
					"@executable_path/Frameworks",
				);
				PRODUCT_BUNDLE_IDENTIFIER = com.detroitlabs.StarWars;
				PRODUCT_NAME = "$(TARGET_NAME)";
				SWIFT_VERSION = 4.2;
				TARGETED_DEVICE_FAMILY = "1,2";
			};
			name = Release;
		};
		20D11BCF218612B600A5FC6E /* Debug */ = {
			isa = XCBuildConfiguration;
			buildSettings = {
				ALWAYS_EMBED_SWIFT_STANDARD_LIBRARIES = YES;
				BUNDLE_LOADER = "$(TEST_HOST)";
				CODE_SIGN_STYLE = Automatic;
				INFOPLIST_FILE = StarWarsTests/Info.plist;
				LD_RUNPATH_SEARCH_PATHS = (
					"$(inherited)",
					"@executable_path/Frameworks",
					"@loader_path/Frameworks",
				);
				PRODUCT_BUNDLE_IDENTIFIER = com.detroitlabs.StarWarsTests;
				PRODUCT_NAME = "$(TARGET_NAME)";
				SWIFT_VERSION = 4.2;
				TARGETED_DEVICE_FAMILY = "1,2";
				TEST_HOST = "$(BUILT_PRODUCTS_DIR)/StarWars.app/StarWars";
			};
			name = Debug;
		};
		20D11BD0218612B600A5FC6E /* Release */ = {
			isa = XCBuildConfiguration;
			buildSettings = {
				ALWAYS_EMBED_SWIFT_STANDARD_LIBRARIES = YES;
				BUNDLE_LOADER = "$(TEST_HOST)";
				CODE_SIGN_STYLE = Automatic;
				INFOPLIST_FILE = StarWarsTests/Info.plist;
				LD_RUNPATH_SEARCH_PATHS = (
					"$(inherited)",
					"@executable_path/Frameworks",
					"@loader_path/Frameworks",
				);
				PRODUCT_BUNDLE_IDENTIFIER = com.detroitlabs.StarWarsTests;
				PRODUCT_NAME = "$(TARGET_NAME)";
				SWIFT_VERSION = 4.2;
				TARGETED_DEVICE_FAMILY = "1,2";
				TEST_HOST = "$(BUILT_PRODUCTS_DIR)/StarWars.app/StarWars";
			};
			name = Release;
		};
		20D11BD2218612B600A5FC6E /* Debug */ = {
			isa = XCBuildConfiguration;
			buildSettings = {
				ALWAYS_EMBED_SWIFT_STANDARD_LIBRARIES = YES;
				CODE_SIGN_STYLE = Automatic;
				INFOPLIST_FILE = StarWarsUITests/Info.plist;
				LD_RUNPATH_SEARCH_PATHS = (
					"$(inherited)",
					"@executable_path/Frameworks",
					"@loader_path/Frameworks",
				);
				PRODUCT_BUNDLE_IDENTIFIER = com.detroitlabs.StarWarsUITests;
				PRODUCT_NAME = "$(TARGET_NAME)";
				SWIFT_VERSION = 4.2;
				TARGETED_DEVICE_FAMILY = "1,2";
				TEST_TARGET_NAME = StarWars;
			};
			name = Debug;
		};
		20D11BD3218612B600A5FC6E /* Release */ = {
			isa = XCBuildConfiguration;
			buildSettings = {
				ALWAYS_EMBED_SWIFT_STANDARD_LIBRARIES = YES;
				CODE_SIGN_STYLE = Automatic;
				INFOPLIST_FILE = StarWarsUITests/Info.plist;
				LD_RUNPATH_SEARCH_PATHS = (
					"$(inherited)",
					"@executable_path/Frameworks",
					"@loader_path/Frameworks",
				);
				PRODUCT_BUNDLE_IDENTIFIER = com.detroitlabs.StarWarsUITests;
				PRODUCT_NAME = "$(TARGET_NAME)";
				SWIFT_VERSION = 4.2;
				TARGETED_DEVICE_FAMILY = "1,2";
				TEST_TARGET_NAME = StarWars;
			};
			name = Release;
		};
/* End XCBuildConfiguration section */

/* Begin XCConfigurationList section */
		20D11B9E218612B200A5FC6E /* Build configuration list for PBXProject "StarWars" */ = {
			isa = XCConfigurationList;
			buildConfigurations = (
				20D11BC9218612B600A5FC6E /* Debug */,
				20D11BCA218612B600A5FC6E /* Release */,
			);
			defaultConfigurationIsVisible = 0;
			defaultConfigurationName = Release;
		};
		20D11BCB218612B600A5FC6E /* Build configuration list for PBXNativeTarget "StarWars" */ = {
			isa = XCConfigurationList;
			buildConfigurations = (
				20D11BCC218612B600A5FC6E /* Debug */,
				20D11BCD218612B600A5FC6E /* Release */,
			);
			defaultConfigurationIsVisible = 0;
			defaultConfigurationName = Release;
		};
		20D11BCE218612B600A5FC6E /* Build configuration list for PBXNativeTarget "StarWarsTests" */ = {
			isa = XCConfigurationList;
			buildConfigurations = (
				20D11BCF218612B600A5FC6E /* Debug */,
				20D11BD0218612B600A5FC6E /* Release */,
			);
			defaultConfigurationIsVisible = 0;
			defaultConfigurationName = Release;
		};
		20D11BD1218612B600A5FC6E /* Build configuration list for PBXNativeTarget "StarWarsUITests" */ = {
			isa = XCConfigurationList;
			buildConfigurations = (
				20D11BD2218612B600A5FC6E /* Debug */,
				20D11BD3218612B600A5FC6E /* Release */,
			);
			defaultConfigurationIsVisible = 0;
			defaultConfigurationName = Release;
		};
/* End XCConfigurationList section */
	};
	rootObject = 20D11B9B218612B200A5FC6E /* Project object */;
}
